{
	"name": "tampermonkey-script-template",
	"version": "1.0.0",
	"lockfileVersion": 2,
	"requires": true,
	"packages": {
		"": {
			"name": "tampermonkey-script-template",
			"version": "1.0.0",
			"license": "ISC",
			"dependencies": {
				"@types/node": "^16.3.3"
			},
			"devDependencies": {
				"@types/tampermonkey": "^4.0.2",
				"tampermonkey-cli": "file:../cli",
				"typescript": "^4.3.5"
			}
		},
		"../cli": {
			"name": "tampermonkey-cli",
			"version": "1.0.0",
			"dev": true,
			"license": "ISC",
			"dependencies": {
				"@types/tampermonkey": "^4.0.2",
				"@types/webpack": "^5.28.0",
				"@types/webpack-dev-server": "^3.11.5",
				"chalk": "^4.1.1",
				"clean-webpack-plugin": "^4.0.0-alpha.0",
				"commander": "^8.0.0",
				"ts-loader": "^9.2.3",
				"ts-node": "^10.1.0",
				"typescript": "^4.3.5",
				"webpack": "^5.45.1",
				"webpack-cli": "^4.7.2",
				"webpack-dev-server": "^3.11.2",
				"webpack-merge": "^5.8.0",
				"webpack-userscript": "^2.5.8"
			},
			"bin": {
				"tm": "dist/bin/tm.js"
			},
			"devDependencies": {
				"@types/node": "^16.3.3"
			}
		},
		"node_modules/@types/node": {
			"version": "16.3.3",
			"resolved": "https://registry.nlark.com/@types/node/download/@types/node-16.3.3.tgz",
			"integrity": "sha1-DDCt/ze7vHpQ65tY+uKlBNDYgDg="
		},
		"node_modules/@types/tampermonkey": {
			"version": "4.0.2",
			"resolved": "https://registry.nlark.com/@types/tampermonkey/download/@types/tampermonkey-4.0.2.tgz",
			"integrity": "sha1-4o+O4zBThAHnzBdGxNp4TZ03TBY=",
			"dev": true
		},
		"node_modules/tampermonkey-cli": {
			"resolved": "../cli",
			"link": true
		},
		"node_modules/typescript": {
			"version": "4.3.5",
			"resolved": "https://registry.nlark.com/typescript/download/typescript-4.3.5.tgz?cache=0&sync_timestamp=1626506276883&other_urls=https%3A%2F%2Fregistry.nlark.com%2Ftypescript%2Fdownload%2Ftypescript-4.3.5.tgz",
			"integrity": "sha1-TRw3zBbok5c8RaBohrcRMjTxGfQ=",
			"dev": true,
			"bin": {
				"tsc": "bin/tsc",
				"tsserver": "bin/tsserver"
			},
			"engines": {
				"node": ">=4.2.0"
			}
		}
	},
	"dependencies": {
		"@types/node": {
			"version": "16.3.3",
			"resolved": "https://registry.nlark.com/@types/node/download/@types/node-16.3.3.tgz",
			"integrity": "sha1-DDCt/ze7vHpQ65tY+uKlBNDYgDg="
		},
		"@types/tampermonkey": {
			"version": "4.0.2",
			"resolved": "https://registry.nlark.com/@types/tampermonkey/download/@types/tampermonkey-4.0.2.tgz",
			"integrity": "sha1-4o+O4zBThAHnzBdGxNp4TZ03TBY=",
			"dev": true
		},
		"tampermonkey-cli": {
			"version": "file:../cli",
			"requires": {
				"@types/node": "^16.3.3",
				"@types/tampermonkey": "^4.0.2",
				"@types/webpack": "^5.28.0",
				"@types/webpack-dev-server": "^3.11.5",
				"chalk": "^4.1.1",
				"clean-webpack-plugin": "^4.0.0-alpha.0",
				"commander": "^8.0.0",
				"ts-loader": "^9.2.3",
				"ts-node": "^10.1.0",
				"typescript": "^4.3.5",
				"webpack": "^5.45.1",
				"webpack-cli": "^4.7.2",
				"webpack-dev-server": "^3.11.2",
				"webpack-merge": "^5.8.0",
				"webpack-userscript": "^2.5.8"
			}
		},
		"typescript": {
			"version": "4.3.5",
			"resolved": "https://registry.nlark.com/typescript/download/typescript-4.3.5.tgz?cache=0&sync_timestamp=1626506276883&other_urls=https%3A%2F%2Fregistry.nlark.com%2Ftypescript%2Fdownload%2Ftypescript-4.3.5.tgz",
			"integrity": "sha1-TRw3zBbok5c8RaBohrcRMjTxGfQ=",
			"dev": true
		}
	}
}
